
Microsoft Visual Studio Solution File, Format Version 12.00
# Visual Studio 15
VisualStudioVersion = 15.0.28010.2019
MinimumVisualStudioVersion = 10.0.40219.1
Project("{FAE04EC0-301F-11D3-BF4B-00C04F79EFBC}") = "Prog1_GUI", "Prog1_GUI\Prog1_GUI.csproj", "{50C52DE3-E3AF-48C8-94FC-249EBD3EA079}"
EndProject
Global
	GlobalSection(SolutionConfigurationPlatforms) = preSolution
		Debug|Any CPU = Debug|Any CPU
		Release|Any CPU = Release|Any CPU
	EndGlobalSection
	GlobalSection(ProjectConfigurationPlatforms) = postSolution
		{50C52DE3-E3AF-48C8-94FC-249EBD3EA079}.Debug|Any CPU.ActiveCfg = Debug|Any CPU
		{50C52DE3-E3AF-48C8-94FC-249EBD3EA079}.Debug|Any CPU.Build.0 = Debug|Any CPU
		{50C52DE3-E3AF-48C8-94FC-249EBD3EA079}.Release|Any CPU.ActiveCfg = Release|Any CPU
		{50C52DE3-E3AF-48C8-94FC-249EBD3EA079}.Release|Any CPU.Build.0 = Release|Any CPU
	EndGlobalSection
	GlobalSection(SolutionProperties) = preSolution
		HideSolutionNode = FALSE
	EndGlobalSection
	GlobalSection(ExtensibilityGlobals) = postSolution
		SolutionGuid = {299A8917-90A0-48BB-9190-C97A69E68C84}
	EndGlobalSection
EndGlobal
